
Microsoft Visual Studio Solution File, Format Version 12.00
# Visual Studio Version 16
VisualStudioVersion = 16.0.31424.327
MinimumVisualStudioVersion = 10.0.40219.1
Project("{FAE04EC0-301F-11D3-BF4B-00C04F79EFBC}") = "Spese", "Spese.csproj", "{AB995C57-1406-4519-B699-F060D530658F}"
EndProject
Global
	GlobalSection(SolutionConfigurationPlatforms) = preSolution
		Debug|Any CPU = Debug|Any CPU
		Release|Any CPU = Release|Any CPU
	EndGlobalSection
	GlobalSection(ProjectConfigurationPlatforms) = postSolution
		{AB995C57-1406-4519-B699-F060D530658F}.Debug|Any CPU.ActiveCfg = Debug|Any CPU
		{AB995C57-1406-4519-B699-F060D530658F}.Debug|Any CPU.Build.0 = Debug|Any CPU
		{AB995C57-1406-4519-B699-F060D530658F}.Release|Any CPU.ActiveCfg = Release|Any CPU
		{AB995C57-1406-4519-B699-F060D530658F}.Release|Any CPU.Build.0 = Release|Any CPU
	EndGlobalSection
	GlobalSection(SolutionProperties) = preSolution
		HideSolutionNode = FALSE
	EndGlobalSection
	GlobalSection(ExtensibilityGlobals) = postSolution
		SolutionGuid = {C8A6B54F-C890-49EA-B7CD-AAE6ADCBC541}
	EndGlobalSection
EndGlobal
